// !$*UTF8*$!
{
	archiveVersion = 1;
	classes = {
	};
	objectVersion = 46;
	objects = {

/* Begin PBXBuildFile section */
		0E7F8DB36C6BBCDC5C5AE9F4 /* wrapperApp.cpp in Sources */ = {isa = PBXBuildFile; fileRef = F79D42F8ECB70CB380BA5C37 /* wrapperApp.cpp */; };
		11DF9AB1B4EAA63E3B190CA0 /* ofxSyphonServerDirectory.mm in Sources */ = {isa = PBXBuildFile; fileRef = E723BEF4C55D236E24639608 /* ofxSyphonServerDirectory.mm */; };
		1F558B76FB3412843DDAA031 /* ofxSyphonClient.mm in Sources */ = {isa = PBXBuildFile; fileRef = 03EA4DA95B5E1B8409FC058E /* ofxSyphonClient.mm */; };
		2057AFE0A456F3E2C01E07B8 /* ofxBatchDownloader.cpp in Sources */ = {isa = PBXBuildFile; fileRef = E01EE22DA06A86BE99948744 /* ofxBatchDownloader.cpp */; };
		72A6CA9CEAFA1527B18D37B6 /* ofxDownloadCentral.cpp in Sources */ = {isa = PBXBuildFile; fileRef = E292FED4978C6C9E54FF4165 /* ofxDownloadCentral.cpp */; };
		75A2D700AC2F5D27B0ED2F59 /* ofxSimpleHttp.cpp in Sources */ = {isa = PBXBuildFile; fileRef = C4AF34767E69AE73F353FEA9 /* ofxSimpleHttp.cpp */; };
		8D60C222CBD3F869382832E9 /* ofxSyphonServer.mm in Sources */ = {isa = PBXBuildFile; fileRef = 32D6F27DC6308427F9A278C1 /* ofxSyphonServer.mm */; };
		B72E62D41CB40195007FB1D6 /* Makefile in Sources */ = {isa = PBXBuildFile; fileRef = B72E62B01CB40195007FB1D6 /* Makefile */; };
		B72E62D61CB40195007FB1D6 /* ofApp.cpp in Sources */ = {isa = PBXBuildFile; fileRef = B72E62D21CB40195007FB1D6 /* ofApp.cpp */; };
		B7BE050A1CAC81C60081DDA4 /* Syphon.framework in Frameworks */ = {isa = PBXBuildFile; fileRef = B7BE05091CAC81C60081DDA4 /* Syphon.framework */; };
		B7BE050B1CAC81C60081DDA4 /* Syphon.framework in CopyFiles */ = {isa = PBXBuildFile; fileRef = B7BE05091CAC81C60081DDA4 /* Syphon.framework */; settings = {ATTRIBUTES = (CodeSignOnCopy, RemoveHeadersOnCopy, ); }; };
		C9109422648B170B07A778CF /* SyphonNameboundClient.m in Sources */ = {isa = PBXBuildFile; fileRef = E3405C5AE387BDDC2AD19473 /* SyphonNameboundClient.m */; };
		E4328149138ABC9F0047C5CB /* openFrameworksDebug.a in Frameworks */ = {isa = PBXBuildFile; fileRef = E4328148138ABC890047C5CB /* openFrameworksDebug.a */; };
		E4B69E200A3A1BDC003C02F2 /* main.cpp in Sources */ = {isa = PBXBuildFile; fileRef = E4B69E1D0A3A1BDC003C02F2 /* main.cpp */; };
		F49F6204208AF4C3E8E8B9EC /* ofxChecksum.cpp in Sources */ = {isa = PBXBuildFile; fileRef = 1C0AD04D7675CE3CB9D47D57 /* ofxChecksum.cpp */; };
/* End PBXBuildFile section */

/* Begin PBXContainerItemProxy section */
		B72E62D81CB40195007FB1D6 /* PBXContainerItemProxy */ = {
			isa = PBXContainerItemProxy;
			containerPortal = B72E62B51CB40195007FB1D6 /* mySketch.xcodeproj */;
			proxyType = 2;
			remoteGlobalIDString = E4B69B5B0A3A1756003C02F2;
			remoteInfo = mySketch;
		};
		E4328147138ABC890047C5CB /* PBXContainerItemProxy */ = {
			isa = PBXContainerItemProxy;
			containerPortal = E4328143138ABC890047C5CB /* openFrameworksLib.xcodeproj */;
			proxyType = 2;
			remoteGlobalIDString = E4B27C1510CBEB8E00536013;
			remoteInfo = openFrameworks;
		};
		E4EEB9AB138B136A00A80321 /* PBXContainerItemProxy */ = {
			isa = PBXContainerItemProxy;
			containerPortal = E4328143138ABC890047C5CB /* openFrameworksLib.xcodeproj */;
			proxyType = 1;
			remoteGlobalIDString = E4B27C1410CBEB8E00536013;
			remoteInfo = openFrameworks;
		};
/* End PBXContainerItemProxy section */

/* Begin PBXCopyFilesBuildPhase section */
		E4C2427710CC5ABF004149E2 /* CopyFiles */ = {
			isa = PBXCopyFilesBuildPhase;
			buildActionMask = 2147483647;
			dstPath = "";
			dstSubfolderSpec = 10;
			files = (
				B7BE050B1CAC81C60081DDA4 /* Syphon.framework in CopyFiles */,
			);
			runOnlyForDeploymentPostprocessing = 0;
		};
/* End PBXCopyFilesBuildPhase section */

/* Begin PBXFileReference section */
		01FAC3552E00C3620035EA2F /* ofxSyphonClient.h */ = {isa = PBXFileReference; explicitFileType = sourcecode.c.h; fileEncoding = 30; name = ofxSyphonClient.h; path = ../../../addons/ofxSyphon/src/ofxSyphonClient.h; sourceTree = SOURCE_ROOT; };
		03EA4DA95B5E1B8409FC058E /* ofxSyphonClient.mm */ = {isa = PBXFileReference; explicitFileType = sourcecode.cpp.objcpp; fileEncoding = 30; name = ofxSyphonClient.mm; path = ../../../addons/ofxSyphon/src/ofxSyphonClient.mm; sourceTree = SOURCE_ROOT; };
		0FB83AC7747296DD35C1C295 /* ofxSyphon.h */ = {isa = PBXFileReference; explicitFileType = sourcecode.c.h; fileEncoding = 30; name = ofxSyphon.h; path = ../../../addons/ofxSyphon/src/ofxSyphon.h; sourceTree = SOURCE_ROOT; };
		1C0AD04D7675CE3CB9D47D57 /* ofxChecksum.cpp */ = {isa = PBXFileReference; explicitFileType = sourcecode.cpp.cpp; fileEncoding = 30; name = ofxChecksum.cpp; path = ../../../addons/ofxSimpleHttp/src/ofxChecksum.cpp; sourceTree = SOURCE_ROOT; };
		32D6F27DC6308427F9A278C1 /* ofxSyphonServer.mm */ = {isa = PBXFileReference; explicitFileType = sourcecode.cpp.objcpp; fileEncoding = 30; name = ofxSyphonServer.mm; path = ../../../addons/ofxSyphon/src/ofxSyphonServer.mm; sourceTree = SOURCE_ROOT; };
		337B812806A0E7D26A029E5A /* ofxSyphonServerDirectory.h */ = {isa = PBXFileReference; explicitFileType = sourcecode.c.h; fileEncoding = 30; name = ofxSyphonServerDirectory.h; path = ../../../addons/ofxSyphon/src/ofxSyphonServerDirectory.h; sourceTree = SOURCE_ROOT; };
		46BBCC26D60B589958BF0D03 /* ofxSyphonServer.h */ = {isa = PBXFileReference; explicitFileType = sourcecode.c.h; fileEncoding = 30; name = ofxSyphonServer.h; path = ../../../addons/ofxSyphon/src/ofxSyphonServer.h; sourceTree = SOURCE_ROOT; };
		69A46EE5934DE7F92E46D213 /* ofxSimpleHttp.h */ = {isa = PBXFileReference; explicitFileType = sourcecode.c.h; fileEncoding = 30; name = ofxSimpleHttp.h; path = ../../../addons/ofxSimpleHttp/src/ofxSimpleHttp.h; sourceTree = SOURCE_ROOT; };
		71FFD50EA75BCC76F0C58D12 /* SyphonNameboundClient.h */ = {isa = PBXFileReference; explicitFileType = sourcecode.c.h; fileEncoding = 30; name = SyphonNameboundClient.h; path = ../../../addons/ofxSyphon/libs/Syphon/src/SyphonNameboundClient.h; sourceTree = SOURCE_ROOT; };
		90FEF196E321582981C8A556 /* ofxBatchDownloader.h */ = {isa = PBXFileReference; explicitFileType = sourcecode.c.h; fileEncoding = 30; name = ofxBatchDownloader.h; path = ../../../addons/ofxSimpleHttp/src/ofxBatchDownloader.h; sourceTree = SOURCE_ROOT; };
		A54758BB243FE1097208B8A4 /* wrapperApp.h */ = {isa = PBXFileReference; explicitFileType = sourcecode.c.h; fileEncoding = 30; name = wrapperApp.h; path = src/wrapperApp.h; sourceTree = SOURCE_ROOT; };
		B72E629E1CB40195007FB1D6 /* .gitignore */ = {isa = PBXFileReference; fileEncoding = 4; lastKnownFileType = text; path = .gitignore; sourceTree = "<group>"; };
		B72E62A21CB40195007FB1D6 /* .suo */ = {isa = PBXFileReference; lastKnownFileType = file; path = .suo; sourceTree = "<group>"; };
		B72E62A31CB40195007FB1D6 /* addons.make */ = {isa = PBXFileReference; fileEncoding = 4; lastKnownFileType = text; path = addons.make; sourceTree = "<group>"; };
		B72E62A71CB40195007FB1D6 /* .gitkeep */ = {isa = PBXFileReference; fileEncoding = 4; lastKnownFileType = text; path = .gitkeep; sourceTree = "<group>"; };
		B72E62A91CB40195007FB1D6 /* imga.png */ = {isa = PBXFileReference; lastKnownFileType = image.png; path = imga.png; sourceTree = "<group>"; };
		B72E62AA1CB40195007FB1D6 /* imgb.png */ = {isa = PBXFileReference; lastKnownFileType = image.png; path = imgb.png; sourceTree = "<group>"; };
		B72E62AB1CB40195007FB1D6 /* imgc.png */ = {isa = PBXFileReference; lastKnownFileType = image.png; path = imgc.png; sourceTree = "<group>"; };
		B72E62AC1CB40195007FB1D6 /* imgd.jpg */ = {isa = PBXFileReference; lastKnownFileType = image.jpeg; path = imgd.jpg; sourceTree = "<group>"; };
		B72E62AD1CB40195007FB1D6 /* imge.png */ = {isa = PBXFileReference; lastKnownFileType = image.png; path = imge.png; sourceTree = "<group>"; };
		B72E62AE1CB40195007FB1D6 /* config.make */ = {isa = PBXFileReference; fileEncoding = 4; lastKnownFileType = text; path = config.make; sourceTree = "<group>"; };
		B72E62AF1CB40195007FB1D6 /* icon.rc */ = {isa = PBXFileReference; fileEncoding = 4; lastKnownFileType = text; path = icon.rc; sourceTree = "<group>"; };
		B72E62B01CB40195007FB1D6 /* Makefile */ = {isa = PBXFileReference; fileEncoding = 4; lastKnownFileType = sourcecode.make; path = Makefile; sourceTree = "<group>"; };
		B72E62B11CB40195007FB1D6 /* mySketch.sln */ = {isa = PBXFileReference; fileEncoding = 4; lastKnownFileType = text; path = mySketch.sln; sourceTree = "<group>"; };
		B72E62B21CB40195007FB1D6 /* mySketch.vcxproj */ = {isa = PBXFileReference; fileEncoding = 4; lastKnownFileType = text.xml; path = mySketch.vcxproj; sourceTree = "<group>"; };
		B72E62B31CB40195007FB1D6 /* mySketch.vcxproj.filters */ = {isa = PBXFileReference; fileEncoding = 4; lastKnownFileType = text.xml; path = mySketch.vcxproj.filters; sourceTree = "<group>"; };
		B72E62B41CB40195007FB1D6 /* mySketch.vcxproj.user */ = {isa = PBXFileReference; fileEncoding = 4; lastKnownFileType = text.xml; path = mySketch.vcxproj.user; sourceTree = "<group>"; };
		B72E62B51CB40195007FB1D6 /* mySketch.xcodeproj */ = {isa = PBXFileReference; lastKnownFileType = "wrapper.pb-project"; path = mySketch.xcodeproj; sourceTree = "<group>"; };
		B72E62BB1CB40195007FB1D6 /* icon.res */ = {isa = PBXFileReference; lastKnownFileType = file; path = icon.res; sourceTree = "<group>"; };
		B72E62BC1CB40195007FB1D6 /* main.obj */ = {isa = PBXFileReference; lastKnownFileType = file; path = main.obj; sourceTree = "<group>"; };
		B72E62BD1CB40195007FB1D6 /* mySketch.log */ = {isa = PBXFileReference; fileEncoding = 4; lastKnownFileType = text; path = mySketch.log; sourceTree = "<group>"; };
		B72E62BF1CB40195007FB1D6 /* CL.command.1.tlog */ = {isa = PBXFileReference; fileEncoding = 4; lastKnownFileType = text; path = CL.command.1.tlog; sourceTree = "<group>"; };
		B72E62C01CB40195007FB1D6 /* CL.read.1.tlog */ = {isa = PBXFileReference; fileEncoding = 4; lastKnownFileType = text; path = CL.read.1.tlog; sourceTree = "<group>"; };
		B72E62C11CB40195007FB1D6 /* CL.write.1.tlog */ = {isa = PBXFileReference; fileEncoding = 4; lastKnownFileType = text; path = CL.write.1.tlog; sourceTree = "<group>"; };
		B72E62C21CB40195007FB1D6 /* link.command.1.tlog */ = {isa = PBXFileReference; fileEncoding = 4; lastKnownFileType = text; path = link.command.1.tlog; sourceTree = "<group>"; };
		B72E62C31CB40195007FB1D6 /* link.read.1.tlog */ = {isa = PBXFileReference; fileEncoding = 4; lastKnownFileType = text; path = link.read.1.tlog; sourceTree = "<group>"; };
		B72E62C41CB40195007FB1D6 /* link.write.1.tlog */ = {isa = PBXFileReference; fileEncoding = 4; lastKnownFileType = text; path = link.write.1.tlog; sourceTree = "<group>"; };
		B72E62C51CB40195007FB1D6 /* mySketch.lastbuildstate */ = {isa = PBXFileReference; fileEncoding = 4; lastKnownFileType = text; path = mySketch.lastbuildstate; sourceTree = "<group>"; };
		B72E62C61CB40195007FB1D6 /* mySketch.write.1u.tlog */ = {isa = PBXFileReference; fileEncoding = 4; lastKnownFileType = text; path = mySketch.write.1u.tlog; sourceTree = "<group>"; };
		B72E62C71CB40195007FB1D6 /* rc.command.1.tlog */ = {isa = PBXFileReference; fileEncoding = 4; lastKnownFileType = text; path = rc.command.1.tlog; sourceTree = "<group>"; };
		B72E62C81CB40195007FB1D6 /* rc.read.1.tlog */ = {isa = PBXFileReference; fileEncoding = 4; lastKnownFileType = text; path = rc.read.1.tlog; sourceTree = "<group>"; };
		B72E62C91CB40195007FB1D6 /* rc.write.1.tlog */ = {isa = PBXFileReference; fileEncoding = 4; lastKnownFileType = text; path = rc.write.1.tlog; sourceTree = "<group>"; };
		B72E62CA1CB40195007FB1D6 /* mySketch.vcxprojResolveAssemblyReference.cache */ = {isa = PBXFileReference; lastKnownFileType = file; path = mySketch.vcxprojResolveAssemblyReference.cache; sourceTree = "<group>"; };
		B72E62CB1CB40195007FB1D6 /* ofApp.obj */ = {isa = PBXFileReference; lastKnownFileType = file; path = ofApp.obj; sourceTree = "<group>"; };
		B72E62CC1CB40195007FB1D6 /* vc140.pdb */ = {isa = PBXFileReference; lastKnownFileType = file; path = vc140.pdb; sourceTree = "<group>"; };
		B72E62CD1CB40195007FB1D6 /* openFrameworks-Info.plist */ = {isa = PBXFileReference; fileEncoding = 4; lastKnownFileType = text.plist.xml; path = "openFrameworks-Info.plist"; sourceTree = "<group>"; };
		B72E62CF1CB40195007FB1D6 /* Project.xcconfig */ = {isa = PBXFileReference; fileEncoding = 4; lastKnownFileType = text.xcconfig; path = Project.xcconfig; sourceTree = "<group>"; };
		B72E62D21CB40195007FB1D6 /* ofApp.cpp */ = {isa = PBXFileReference; fileEncoding = 4; lastKnownFileType = sourcecode.cpp.cpp; path = ofApp.cpp; sourceTree = "<group>"; };
		B72E62D31CB40195007FB1D6 /* ofApp.h */ = {isa = PBXFileReference; fileEncoding = 4; lastKnownFileType = sourcecode.c.h; path = ofApp.h; sourceTree = "<group>"; };
		B7BE05091CAC81C60081DDA4 /* Syphon.framework */ = {isa = PBXFileReference; lastKnownFileType = wrapper.framework; path = Syphon.framework; sourceTree = "<group>"; };
		BB4CC15061F9F141D681A6BF /* ofxDownloadCentral.h */ = {isa = PBXFileReference; explicitFileType = sourcecode.c.h; fileEncoding = 30; name = ofxDownloadCentral.h; path = ../../../addons/ofxSimpleHttp/src/ofxDownloadCentral.h; sourceTree = SOURCE_ROOT; };
		C47F3D13394AF636333FB1BD /* ofxChecksum.h */ = {isa = PBXFileReference; explicitFileType = sourcecode.c.h; fileEncoding = 30; name = ofxChecksum.h; path = ../../../addons/ofxSimpleHttp/src/ofxChecksum.h; sourceTree = SOURCE_ROOT; };
		C4AF34767E69AE73F353FEA9 /* ofxSimpleHttp.cpp */ = {isa = PBXFileReference; explicitFileType = sourcecode.cpp.cpp; fileEncoding = 30; name = ofxSimpleHttp.cpp; path = ../../../addons/ofxSimpleHttp/src/ofxSimpleHttp.cpp; sourceTree = SOURCE_ROOT; };
		E01EE22DA06A86BE99948744 /* ofxBatchDownloader.cpp */ = {isa = PBXFileReference; explicitFileType = sourcecode.cpp.cpp; fileEncoding = 30; name = ofxBatchDownloader.cpp; path = ../../../addons/ofxSimpleHttp/src/ofxBatchDownloader.cpp; sourceTree = SOURCE_ROOT; };
		E292FED4978C6C9E54FF4165 /* ofxDownloadCentral.cpp */ = {isa = PBXFileReference; explicitFileType = sourcecode.cpp.cpp; fileEncoding = 30; name = ofxDownloadCentral.cpp; path = ../../../addons/ofxSimpleHttp/src/ofxDownloadCentral.cpp; sourceTree = SOURCE_ROOT; };
		E3405C5AE387BDDC2AD19473 /* SyphonNameboundClient.m */ = {isa = PBXFileReference; explicitFileType = sourcecode.cpp.objcpp; fileEncoding = 30; name = SyphonNameboundClient.m; path = ../../../addons/ofxSyphon/libs/Syphon/src/SyphonNameboundClient.m; sourceTree = SOURCE_ROOT; };
		E4328143138ABC890047C5CB /* openFrameworksLib.xcodeproj */ = {isa = PBXFileReference; lastKnownFileType = "wrapper.pb-project"; name = openFrameworksLib.xcodeproj; path = ../../../libs/openFrameworksCompiled/project/osx/openFrameworksLib.xcodeproj; sourceTree = SOURCE_ROOT; };
		E4B69B5B0A3A1756003C02F2 /* WrapperSketchDebug.app */ = {isa = PBXFileReference; explicitFileType = wrapper.application; includeInIndex = 0; path = WrapperSketchDebug.app; sourceTree = BUILT_PRODUCTS_DIR; };
		E4B69E1D0A3A1BDC003C02F2 /* main.cpp */ = {isa = PBXFileReference; fileEncoding = 30; lastKnownFileType = sourcecode.cpp.cpp; name = main.cpp; path = src/main.cpp; sourceTree = SOURCE_ROOT; };
		E4B6FCAD0C3E899E008CF71C /* openFrameworks-Info.plist */ = {isa = PBXFileReference; fileEncoding = 30; lastKnownFileType = text.plist.xml; path = "openFrameworks-Info.plist"; sourceTree = "<group>"; };
		E4EB691F138AFCF100A09F29 /* CoreOF.xcconfig */ = {isa = PBXFileReference; fileEncoding = 4; lastKnownFileType = text.xcconfig; name = CoreOF.xcconfig; path = ../../../libs/openFrameworksCompiled/project/osx/CoreOF.xcconfig; sourceTree = SOURCE_ROOT; };
		E4EB6923138AFD0F00A09F29 /* Project.xcconfig */ = {isa = PBXFileReference; fileEncoding = 4; lastKnownFileType = text.xcconfig; path = Project.xcconfig; sourceTree = "<group>"; };
		E723BEF4C55D236E24639608 /* ofxSyphonServerDirectory.mm */ = {isa = PBXFileReference; explicitFileType = sourcecode.cpp.objcpp; fileEncoding = 30; name = ofxSyphonServerDirectory.mm; path = ../../../addons/ofxSyphon/src/ofxSyphonServerDirectory.mm; sourceTree = SOURCE_ROOT; };
		F79D42F8ECB70CB380BA5C37 /* wrapperApp.cpp */ = {isa = PBXFileReference; explicitFileType = sourcecode.cpp.cpp; fileEncoding = 30; name = wrapperApp.cpp; path = src/wrapperApp.cpp; sourceTree = SOURCE_ROOT; };
/* End PBXFileReference section */

/* Begin PBXFrameworksBuildPhase section */
		E4B69B590A3A1756003C02F2 /* Frameworks */ = {
			isa = PBXFrameworksBuildPhase;
			buildActionMask = 2147483647;
			files = (
				E4328149138ABC9F0047C5CB /* openFrameworksDebug.a in Frameworks */,
				B7BE050A1CAC81C60081DDA4 /* Syphon.framework in Frameworks */,
			);
			runOnlyForDeploymentPostprocessing = 0;
		};
/* End PBXFrameworksBuildPhase section */

/* Begin PBXGroup section */
		2317994671CD76BBA16927B8 /* libs */ = {
			isa = PBXGroup;
			children = (
				65F3085962B3A8825746C3C2 /* Syphon */,
			);
			name = libs;
			sourceTree = "<group>";
		};
		265EB01CB2D26C99A449B067 /* src */ = {
			isa = PBXGroup;
			children = (
				E01EE22DA06A86BE99948744 /* ofxBatchDownloader.cpp */,
				90FEF196E321582981C8A556 /* ofxBatchDownloader.h */,
				1C0AD04D7675CE3CB9D47D57 /* ofxChecksum.cpp */,
				C47F3D13394AF636333FB1BD /* ofxChecksum.h */,
				E292FED4978C6C9E54FF4165 /* ofxDownloadCentral.cpp */,
				BB4CC15061F9F141D681A6BF /* ofxDownloadCentral.h */,
				C4AF34767E69AE73F353FEA9 /* ofxSimpleHttp.cpp */,
				69A46EE5934DE7F92E46D213 /* ofxSimpleHttp.h */,
			);
			name = src;
			sourceTree = "<group>";
		};
		2D7E903E52E3720DD664732E /* ofxSimpleHttp */ = {
			isa = PBXGroup;
			children = (
				265EB01CB2D26C99A449B067 /* src */,
			);
			name = ofxSimpleHttp;
			sourceTree = "<group>";
		};
		49A9E39C52C2DF4DDA1E185F /* src */ = {
			isa = PBXGroup;
			children = (
				0FB83AC7747296DD35C1C295 /* ofxSyphon.h */,
				01FAC3552E00C3620035EA2F /* ofxSyphonClient.h */,
				03EA4DA95B5E1B8409FC058E /* ofxSyphonClient.mm */,
				46BBCC26D60B589958BF0D03 /* ofxSyphonServer.h */,
				32D6F27DC6308427F9A278C1 /* ofxSyphonServer.mm */,
				337B812806A0E7D26A029E5A /* ofxSyphonServerDirectory.h */,
				E723BEF4C55D236E24639608 /* ofxSyphonServerDirectory.mm */,
			);
			name = src;
			sourceTree = "<group>";
		};
		50EAFB5FF7C5722E7B4895C7 /* src */ = {
			isa = PBXGroup;
			children = (
				71FFD50EA75BCC76F0C58D12 /* SyphonNameboundClient.h */,
				E3405C5AE387BDDC2AD19473 /* SyphonNameboundClient.m */,
			);
			name = src;
			sourceTree = "<group>";
		};
		65F3085962B3A8825746C3C2 /* Syphon */ = {
			isa = PBXGroup;
			children = (
				50EAFB5FF7C5722E7B4895C7 /* src */,
			);
			name = Syphon;
			sourceTree = "<group>";
		};
		6948EE371B920CB800B5AC1A /* local_addons */ = {
			isa = PBXGroup;
			children = (
				B72E629D1CB40195007FB1D6 /* DrawingImages */,
			);
			name = local_addons;
			sourceTree = "<group>";
		};
		7F3C04577424427D348B1425 /* ofxSyphon */ = {
			isa = PBXGroup;
			children = (
				49A9E39C52C2DF4DDA1E185F /* src */,
				2317994671CD76BBA16927B8 /* libs */,
			);
			name = ofxSyphon;
			sourceTree = "<group>";
		};
		B72E629D1CB40195007FB1D6 /* DrawingImages */ = {
			isa = PBXGroup;
			children = (
				B72E629E1CB40195007FB1D6 /* .gitignore */,
				B72E629F1CB40195007FB1D6 /* .vs */,
				B72E62A31CB40195007FB1D6 /* addons.make */,
				B72E62A41CB40195007FB1D6 /* arepo */,
				B72E62A51CB40195007FB1D6 /* bin */,
				B72E62AE1CB40195007FB1D6 /* config.make */,
				B72E62AF1CB40195007FB1D6 /* icon.rc */,
				B72E62B01CB40195007FB1D6 /* Makefile */,
				B72E62B11CB40195007FB1D6 /* mySketch.sln */,
				B72E62B21CB40195007FB1D6 /* mySketch.vcxproj */,
				B72E62B31CB40195007FB1D6 /* mySketch.vcxproj.filters */,
				B72E62B41CB40195007FB1D6 /* mySketch.vcxproj.user */,
				B72E62B51CB40195007FB1D6 /* mySketch.xcodeproj */,
				B72E62B91CB40195007FB1D6 /* obj */,
				B72E62CD1CB40195007FB1D6 /* openFrameworks-Info.plist */,
				B72E62CE1CB40195007FB1D6 /* openframeworkstest-timer */,
				B72E62CF1CB40195007FB1D6 /* Project.xcconfig */,
				B72E62D01CB40195007FB1D6 /* src */,
			);
			path = DrawingImages;
			sourceTree = "<group>";
		};
		B72E629F1CB40195007FB1D6 /* .vs */ = {
			isa = PBXGroup;
			children = (
				B72E62A01CB40195007FB1D6 /* mySketch */,
			);
			path = .vs;
			sourceTree = "<group>";
		};
		B72E62A01CB40195007FB1D6 /* mySketch */ = {
			isa = PBXGroup;
			children = (
				B72E62A11CB40195007FB1D6 /* v14 */,
			);
			path = mySketch;
			sourceTree = "<group>";
		};
		B72E62A11CB40195007FB1D6 /* v14 */ = {
			isa = PBXGroup;
			children = (
				B72E62A21CB40195007FB1D6 /* .suo */,
			);
			path = v14;
			sourceTree = "<group>";
		};
		B72E62A41CB40195007FB1D6 /* arepo */ = {
			isa = PBXGroup;
			children = (
			);
			path = arepo;
			sourceTree = "<group>";
		};
		B72E62A51CB40195007FB1D6 /* bin */ = {
			isa = PBXGroup;
			children = (
				B72E62A61CB40195007FB1D6 /* data */,
			);
			path = bin;
			sourceTree = "<group>";
		};
		B72E62A61CB40195007FB1D6 /* data */ = {
			isa = PBXGroup;
			children = (
				B72E62A71CB40195007FB1D6 /* .gitkeep */,
				B72E62A81CB40195007FB1D6 /* images */,
			);
			path = data;
			sourceTree = "<group>";
		};
		B72E62A81CB40195007FB1D6 /* images */ = {
			isa = PBXGroup;
			children = (
				B72E62A91CB40195007FB1D6 /* imga.png */,
				B72E62AA1CB40195007FB1D6 /* imgb.png */,
				B72E62AB1CB40195007FB1D6 /* imgc.png */,
				B72E62AC1CB40195007FB1D6 /* imgd.jpg */,
				B72E62AD1CB40195007FB1D6 /* imge.png */,
			);
			path = images;
			sourceTree = "<group>";
		};
		B72E62B61CB40195007FB1D6 /* Products */ = {
			isa = PBXGroup;
			children = (
				B72E62D91CB40195007FB1D6 /* mySketchDebug.app */,
			);
			name = Products;
			sourceTree = "<group>";
		};
		B72E62B91CB40195007FB1D6 /* obj */ = {
			isa = PBXGroup;
			children = (
				B72E62BA1CB40195007FB1D6 /* Debug */,
			);
			path = obj;
			sourceTree = "<group>";
		};
		B72E62BA1CB40195007FB1D6 /* Debug */ = {
			isa = PBXGroup;
			children = (
				B72E62BB1CB40195007FB1D6 /* icon.res */,
				B72E62BC1CB40195007FB1D6 /* main.obj */,
				B72E62BD1CB40195007FB1D6 /* mySketch.log */,
				B72E62BE1CB40195007FB1D6 /* mySketch.tlog */,
				B72E62CA1CB40195007FB1D6 /* mySketch.vcxprojResolveAssemblyReference.cache */,
				B72E62CB1CB40195007FB1D6 /* ofApp.obj */,
				B72E62CC1CB40195007FB1D6 /* vc140.pdb */,
			);
			path = Debug;
			sourceTree = "<group>";
		};
		B72E62BE1CB40195007FB1D6 /* mySketch.tlog */ = {
			isa = PBXGroup;
			children = (
				B72E62BF1CB40195007FB1D6 /* CL.command.1.tlog */,
				B72E62C01CB40195007FB1D6 /* CL.read.1.tlog */,
				B72E62C11CB40195007FB1D6 /* CL.write.1.tlog */,
				B72E62C21CB40195007FB1D6 /* link.command.1.tlog */,
				B72E62C31CB40195007FB1D6 /* link.read.1.tlog */,
				B72E62C41CB40195007FB1D6 /* link.write.1.tlog */,
				B72E62C51CB40195007FB1D6 /* mySketch.lastbuildstate */,
				B72E62C61CB40195007FB1D6 /* mySketch.write.1u.tlog */,
				B72E62C71CB40195007FB1D6 /* rc.command.1.tlog */,
				B72E62C81CB40195007FB1D6 /* rc.read.1.tlog */,
				B72E62C91CB40195007FB1D6 /* rc.write.1.tlog */,
			);
			path = mySketch.tlog;
			sourceTree = "<group>";
		};
		B72E62CE1CB40195007FB1D6 /* openframeworkstest-timer */ = {
			isa = PBXGroup;
			children = (
			);
			path = "openframeworkstest-timer";
			sourceTree = "<group>";
		};
		B72E62D01CB40195007FB1D6 /* src */ = {
			isa = PBXGroup;
			children = (
				B72E62D21CB40195007FB1D6 /* ofApp.cpp */,
				B72E62D31CB40195007FB1D6 /* ofApp.h */,
			);
			path = src;
			sourceTree = "<group>";
		};
		BB4B014C10F69532006C3DED /* addons */ = {
			isa = PBXGroup;
			children = (
				2D7E903E52E3720DD664732E /* ofxSimpleHttp */,
				7F3C04577424427D348B1425 /* ofxSyphon */,
			);
			name = addons;
			sourceTree = "<group>";
		};
		E4328144138ABC890047C5CB /* Products */ = {
			isa = PBXGroup;
			children = (
				E4328148138ABC890047C5CB /* openFrameworksDebug.a */,
			);
			name = Products;
			sourceTree = "<group>";
		};
		E4B69B4A0A3A1720003C02F2 = {
			isa = PBXGroup;
			children = (
				B7BE05091CAC81C60081DDA4 /* Syphon.framework */,
				E4B6FCAD0C3E899E008CF71C /* openFrameworks-Info.plist */,
				E4EB6923138AFD0F00A09F29 /* Project.xcconfig */,
				E4B69E1C0A3A1BDC003C02F2 /* src */,
				E4EEC9E9138DF44700A80321 /* openFrameworks */,
				BB4B014C10F69532006C3DED /* addons */,
				6948EE371B920CB800B5AC1A /* local_addons */,
				E4B69B5B0A3A1756003C02F2 /* WrapperSketchDebug.app */,
			);
			sourceTree = "<group>";
		};
		E4B69E1C0A3A1BDC003C02F2 /* src */ = {
			isa = PBXGroup;
			children = (
				E4B69E1D0A3A1BDC003C02F2 /* main.cpp */,
				F79D42F8ECB70CB380BA5C37 /* wrapperApp.cpp */,
				A54758BB243FE1097208B8A4 /* wrapperApp.h */,
			);
			path = src;
			sourceTree = SOURCE_ROOT;
		};
		E4EEC9E9138DF44700A80321 /* openFrameworks */ = {
			isa = PBXGroup;
			children = (
				E4EB691F138AFCF100A09F29 /* CoreOF.xcconfig */,
				E4328143138ABC890047C5CB /* openFrameworksLib.xcodeproj */,
			);
			name = openFrameworks;
			sourceTree = "<group>";
		};
/* End PBXGroup section */

/* Begin PBXNativeTarget section */
		E4B69B5A0A3A1756003C02F2 /* WrapperSketch */ = {
			isa = PBXNativeTarget;
			buildConfigurationList = E4B69B5F0A3A1757003C02F2 /* Build configuration list for PBXNativeTarget "WrapperSketch" */;
			buildPhases = (
				E4B69B580A3A1756003C02F2 /* Sources */,
				E4B69B590A3A1756003C02F2 /* Frameworks */,
				E4B6FFFD0C3F9AB9008CF71C /* ShellScript */,
				E4C2427710CC5ABF004149E2 /* CopyFiles */,
			);
			buildRules = (
			);
			dependencies = (
				E4EEB9AC138B136A00A80321 /* PBXTargetDependency */,
			);
			name = WrapperSketch;
			productName = myOFApp;
			productReference = E4B69B5B0A3A1756003C02F2 /* WrapperSketchDebug.app */;
			productType = "com.apple.product-type.application";
		};
/* End PBXNativeTarget section */

/* Begin PBXProject section */
		E4B69B4C0A3A1720003C02F2 /* Project object */ = {
			isa = PBXProject;
			attributes = {
				LastUpgradeCheck = 0600;
			};
			buildConfigurationList = E4B69B4D0A3A1720003C02F2 /* Build configuration list for PBXProject "WrapperSketch" */;
			compatibilityVersion = "Xcode 3.2";
			developmentRegion = English;
			hasScannedForEncodings = 0;
			knownRegions = (
				English,
				Japanese,
				French,
				German,
			);
			mainGroup = E4B69B4A0A3A1720003C02F2;
			productRefGroup = E4B69B4A0A3A1720003C02F2;
			projectDirPath = "";
			projectReferences = (
				{
					ProductGroup = B72E62B61CB40195007FB1D6 /* Products */;
					ProjectRef = B72E62B51CB40195007FB1D6 /* mySketch.xcodeproj */;
				},
				{
					ProductGroup = E4328144138ABC890047C5CB /* Products */;
					ProjectRef = E4328143138ABC890047C5CB /* openFrameworksLib.xcodeproj */;
				},
			);
			projectRoot = "";
			targets = (
				E4B69B5A0A3A1756003C02F2 /* WrapperSketch */,
			);
		};
/* End PBXProject section */

/* Begin PBXReferenceProxy section */
		B72E62D91CB40195007FB1D6 /* mySketchDebug.app */ = {
			isa = PBXReferenceProxy;
			fileType = wrapper.application;
			path = mySketchDebug.app;
			remoteRef = B72E62D81CB40195007FB1D6 /* PBXContainerItemProxy */;
			sourceTree = BUILT_PRODUCTS_DIR;
		};
		E4328148138ABC890047C5CB /* openFrameworksDebug.a */ = {
			isa = PBXReferenceProxy;
			fileType = archive.ar;
			path = openFrameworksDebug.a;
			remoteRef = E4328147138ABC890047C5CB /* PBXContainerItemProxy */;
			sourceTree = BUILT_PRODUCTS_DIR;
		};
/* End PBXReferenceProxy section */

/* Begin PBXShellScriptBuildPhase section */
		E4B6FFFD0C3F9AB9008CF71C /* ShellScript */ = {
			isa = PBXShellScriptBuildPhase;
			buildActionMask = 2147483647;
			files = (
			);
			inputPaths = (
			);
			outputPaths = (
			);
			runOnlyForDeploymentPostprocessing = 0;
			shellPath = /bin/sh;
			shellScript = "mkdir -p \"$TARGET_BUILD_DIR/$PRODUCT_NAME.app/Contents/Resources/\"\n# Copy default icon file into App/Resources\nrsync -aved \"$ICON_FILE\" \"$TARGET_BUILD_DIR/$PRODUCT_NAME.app/Contents/Resources/\"\n# Copy libfmod and change install directory for fmod to run\nrsync -aved ../../../libs/fmodex/lib/osx/libfmodex.dylib \"$TARGET_BUILD_DIR/$PRODUCT_NAME.app/Contents/Frameworks/\";\ninstall_name_tool -change @executable_path/libfmodex.dylib @executable_path/../Frameworks/libfmodex.dylib \"$TARGET_BUILD_DIR/$PRODUCT_NAME.app/Contents/MacOS/$PRODUCT_NAME\";\n# Copy GLUT framework (must remove for AppStore submissions)\nrsync -aved ../../../libs/glut/lib/osx/GLUT.framework \"$TARGET_BUILD_DIR/$PRODUCT_NAME.app/Contents/Frameworks/\"\n";
		};
/* End PBXShellScriptBuildPhase section */

/* Begin PBXSourcesBuildPhase section */
		E4B69B580A3A1756003C02F2 /* Sources */ = {
			isa = PBXSourcesBuildPhase;
			buildActionMask = 2147483647;
			files = (
				E4B69E200A3A1BDC003C02F2 /* main.cpp in Sources */,
				0E7F8DB36C6BBCDC5C5AE9F4 /* wrapperApp.cpp in Sources */,
				2057AFE0A456F3E2C01E07B8 /* ofxBatchDownloader.cpp in Sources */,
				B72E62D41CB40195007FB1D6 /* Makefile in Sources */,
				F49F6204208AF4C3E8E8B9EC /* ofxChecksum.cpp in Sources */,
				72A6CA9CEAFA1527B18D37B6 /* ofxDownloadCentral.cpp in Sources */,
				75A2D700AC2F5D27B0ED2F59 /* ofxSimpleHttp.cpp in Sources */,
				1F558B76FB3412843DDAA031 /* ofxSyphonClient.mm in Sources */,
				8D60C222CBD3F869382832E9 /* ofxSyphonServer.mm in Sources */,
				B72E62D61CB40195007FB1D6 /* ofApp.cpp in Sources */,
				11DF9AB1B4EAA63E3B190CA0 /* ofxSyphonServerDirectory.mm in Sources */,
				C9109422648B170B07A778CF /* SyphonNameboundClient.m in Sources */,
			);
			runOnlyForDeploymentPostprocessing = 0;
		};
/* End PBXSourcesBuildPhase section */

/* Begin PBXTargetDependency section */
		E4EEB9AC138B136A00A80321 /* PBXTargetDependency */ = {
			isa = PBXTargetDependency;
			name = openFrameworks;
			targetProxy = E4EEB9AB138B136A00A80321 /* PBXContainerItemProxy */;
		};
/* End PBXTargetDependency section */

/* Begin XCBuildConfiguration section */
		E4B69B4E0A3A1720003C02F2 /* Debug */ = {
			isa = XCBuildConfiguration;
			baseConfigurationReference = E4EB6923138AFD0F00A09F29 /* Project.xcconfig */;
			buildSettings = {
				CONFIGURATION_BUILD_DIR = "$(SRCROOT)/bin/";
				COPY_PHASE_STRIP = NO;
				DEAD_CODE_STRIPPING = YES;
				GCC_AUTO_VECTORIZATION = YES;
				GCC_ENABLE_SSE3_EXTENSIONS = YES;
				GCC_ENABLE_SUPPLEMENTAL_SSE3_INSTRUCTIONS = YES;
				GCC_INLINES_ARE_PRIVATE_EXTERN = NO;
				GCC_OPTIMIZATION_LEVEL = 0;
				GCC_SYMBOLS_PRIVATE_EXTERN = NO;
				GCC_WARN_ABOUT_DEPRECATED_FUNCTIONS = YES;
				GCC_WARN_ABOUT_INVALID_OFFSETOF_MACRO = NO;
				GCC_WARN_ALLOW_INCOMPLETE_PROTOCOL = NO;
				GCC_WARN_UNINITIALIZED_AUTOS = NO;
				GCC_WARN_UNUSED_VALUE = NO;
				GCC_WARN_UNUSED_VARIABLE = NO;
				HEADER_SEARCH_PATHS = (
					"$(OF_CORE_HEADERS)",
					src,
					../../../addons/ofxSimpleHttp/src,
					../../../addons/ofxSyphon/libs,
					../../../addons/ofxSyphon/libs/Syphon,
					../../../addons/ofxSyphon/libs/Syphon/lib,
					../../../addons/ofxSyphon/libs/Syphon/lib/osx,
					../../../addons/ofxSyphon/libs/Syphon/src,
					../../../addons/ofxSyphon/src,
				);
				MACOSX_DEPLOYMENT_TARGET = 10.8;
				ONLY_ACTIVE_ARCH = YES;
				OTHER_CPLUSPLUSFLAGS = (
					"-D__MACOSX_CORE__",
					"-mtune=native",
				);
				SDKROOT = macosx;
			};
			name = Debug;
		};
		E4B69B4F0A3A1720003C02F2 /* Release */ = {
			isa = XCBuildConfiguration;
			baseConfigurationReference = E4EB6923138AFD0F00A09F29 /* Project.xcconfig */;
			buildSettings = {
				CONFIGURATION_BUILD_DIR = "$(SRCROOT)/bin/";
				COPY_PHASE_STRIP = YES;
				DEAD_CODE_STRIPPING = YES;
				GCC_AUTO_VECTORIZATION = YES;
				GCC_ENABLE_SSE3_EXTENSIONS = YES;
				GCC_ENABLE_SUPPLEMENTAL_SSE3_INSTRUCTIONS = YES;
				GCC_INLINES_ARE_PRIVATE_EXTERN = NO;
				GCC_OPTIMIZATION_LEVEL = 3;
				GCC_SYMBOLS_PRIVATE_EXTERN = NO;
				GCC_UNROLL_LOOPS = YES;
				GCC_WARN_ABOUT_DEPRECATED_FUNCTIONS = YES;
				GCC_WARN_ABOUT_INVALID_OFFSETOF_MACRO = NO;
				GCC_WARN_ALLOW_INCOMPLETE_PROTOCOL = NO;
				GCC_WARN_UNINITIALIZED_AUTOS = NO;
				GCC_WARN_UNUSED_VALUE = NO;
				GCC_WARN_UNUSED_VARIABLE = NO;
				HEADER_SEARCH_PATHS = (
					"$(OF_CORE_HEADERS)",
					src,
					../../../addons/ofxSimpleHttp/src,
					../../../addons/ofxSyphon/libs,
					../../../addons/ofxSyphon/libs/Syphon,
					../../../addons/ofxSyphon/libs/Syphon/lib,
					../../../addons/ofxSyphon/libs/Syphon/lib/osx,
					../../../addons/ofxSyphon/libs/Syphon/src,
					../../../addons/ofxSyphon/src,
				);
				MACOSX_DEPLOYMENT_TARGET = 10.8;
				OTHER_CPLUSPLUSFLAGS = (
					"-D__MACOSX_CORE__",
					"-mtune=native",
				);
				SDKROOT = macosx;
			};
			name = Release;
		};
		E4B69B600A3A1757003C02F2 /* Debug */ = {
			isa = XCBuildConfiguration;
			baseConfigurationReference = E4EB6923138AFD0F00A09F29 /* Project.xcconfig */;
			buildSettings = {
				COMBINE_HIDPI_IMAGES = YES;
				COPY_PHASE_STRIP = NO;
				FRAMEWORK_SEARCH_PATHS = (
					"$(inherited)",
					"$(FRAMEWORK_SEARCH_PATHS_QUOTED_FOR_TARGET_1)",
					../../../addons/ofxSyphon/libs/Syphon/lib/osx,
					"$(PROJECT_DIR)",
				);
				FRAMEWORK_SEARCH_PATHS_QUOTED_FOR_TARGET_1 = "\"$(SRCROOT)/../../../libs/glut/lib/osx\"";
				GCC_DYNAMIC_NO_PIC = NO;
				GCC_GENERATE_DEBUGGING_SYMBOLS = YES;
				GCC_MODEL_TUNING = NONE;
				HEADER_SEARCH_PATHS = (
					"$(OF_CORE_HEADERS)",
					src,
					../../../addons/ofxSimpleHttp/src,
					../../../addons/ofxSyphon/libs,
					../../../addons/ofxSyphon/libs/Syphon,
					../../../addons/ofxSyphon/libs/Syphon/lib,
					../../../addons/ofxSyphon/libs/Syphon/lib/osx,
					../../../addons/ofxSyphon/libs/Syphon/src,
					../../../addons/ofxSyphon/src,
				);
				ICON = "$(ICON_NAME_DEBUG)";
				ICON_FILE = "$(ICON_FILE_PATH)$(ICON)";
				INFOPLIST_FILE = "openFrameworks-Info.plist";
				INSTALL_PATH = /Applications;
				LD_RUNPATH_SEARCH_PATHS = "$(inherited) @executable_path/../Frameworks";
				LIBRARY_SEARCH_PATHS = (
					"$(inherited)",
					"$(PROJECT_DIR)/DrawingImages/bin",
				);
				PRODUCT_NAME = "$(TARGET_NAME)Debug";
				WRAPPER_EXTENSION = app;
			};
			name = Debug;
		};
		E4B69B610A3A1757003C02F2 /* Release */ = {
			isa = XCBuildConfiguration;
			baseConfigurationReference = E4EB6923138AFD0F00A09F29 /* Project.xcconfig */;
			buildSettings = {
				COMBINE_HIDPI_IMAGES = YES;
				COPY_PHASE_STRIP = YES;
				FRAMEWORK_SEARCH_PATHS = (
					"$(inherited)",
					"$(FRAMEWORK_SEARCH_PATHS_QUOTED_FOR_TARGET_1)",
					../../../addons/ofxSyphon/libs/Syphon/lib/osx,
					"$(PROJECT_DIR)",
				);
				FRAMEWORK_SEARCH_PATHS_QUOTED_FOR_TARGET_1 = "\"$(SRCROOT)/../../../libs/glut/lib/osx\"";
				GCC_GENERATE_DEBUGGING_SYMBOLS = YES;
				GCC_MODEL_TUNING = NONE;
				HEADER_SEARCH_PATHS = (
					"$(OF_CORE_HEADERS)",
					src,
					../../../addons/ofxSimpleHttp/src,
					../../../addons/ofxSyphon/libs,
					../../../addons/ofxSyphon/libs/Syphon,
					../../../addons/ofxSyphon/libs/Syphon/lib,
					../../../addons/ofxSyphon/libs/Syphon/lib/osx,
					../../../addons/ofxSyphon/libs/Syphon/src,
					../../../addons/ofxSyphon/src,
				);
				ICON = "$(ICON_NAME_RELEASE)";
				ICON_FILE = "$(ICON_FILE_PATH)$(ICON)";
				INFOPLIST_FILE = "openFrameworks-Info.plist";
				INSTALL_PATH = /Applications;
				LD_RUNPATH_SEARCH_PATHS = "$(inherited) @executable_path/../Frameworks";
				LIBRARY_SEARCH_PATHS = (
					"$(inherited)",
					"$(PROJECT_DIR)/DrawingImages/bin",
				);
				PRODUCT_NAME = "$(TARGET_NAME)";
				WRAPPER_EXTENSION = app;
				baseConfigurationReference = E4EB6923138AFD0F00A09F29;
			};
			name = Release;
		};
/* End XCBuildConfiguration section */

/* Begin XCConfigurationList section */
		E4B69B4D0A3A1720003C02F2 /* Build configuration list for PBXProject "WrapperSketch" */ = {
			isa = XCConfigurationList;
			buildConfigurations = (
				E4B69B4E0A3A1720003C02F2 /* Debug */,
				E4B69B4F0A3A1720003C02F2 /* Release */,
			);
			defaultConfigurationIsVisible = 0;
			defaultConfigurationName = Release;
		};
		E4B69B5F0A3A1757003C02F2 /* Build configuration list for PBXNativeTarget "WrapperSketch" */ = {
			isa = XCConfigurationList;
			buildConfigurations = (
				E4B69B600A3A1757003C02F2 /* Debug */,
				E4B69B610A3A1757003C02F2 /* Release */,
			);
			defaultConfigurationIsVisible = 0;
			defaultConfigurationName = Release;
		};
/* End XCConfigurationList section */
	};
	rootObject = E4B69B4C0A3A1720003C02F2 /* Project object */;
}
